// !$*UTF8*$!
{
	archiveVersion = 1;
	classes = {
	};
	objectVersion = 50;
	objects = {

/* Begin PBXBuildFile section */
		6F2C90E62450A832004509E0 /* SegueSwizzler.swift in Sources */ = {isa = PBXBuildFile; fileRef = 6F2C90E52450A832004509E0 /* SegueSwizzler.swift */; };
		6F394D00244869100087672C /* AppDelegate.swift in Sources */ = {isa = PBXBuildFile; fileRef = 6F394CFF244869100087672C /* AppDelegate.swift */; };
		6F394D02244869100087672C /* SceneDelegate.swift in Sources */ = {isa = PBXBuildFile; fileRef = 6F394D01244869100087672C /* SceneDelegate.swift */; };
		6F394D04244869100087672C /* ViewController.swift in Sources */ = {isa = PBXBuildFile; fileRef = 6F394D03244869100087672C /* ViewController.swift */; };
		6F394D07244869100087672C /* Main.storyboard in Resources */ = {isa = PBXBuildFile; fileRef = 6F394D05244869100087672C /* Main.storyboard */; };
		6F394D09244869120087672C /* Assets.xcassets in Resources */ = {isa = PBXBuildFile; fileRef = 6F394D08244869120087672C /* Assets.xcassets */; };
		6F394D0C244869120087672C /* LaunchScreen.storyboard in Resources */ = {isa = PBXBuildFile; fileRef = 6F394D0A244869120087672C /* LaunchScreen.storyboard */; };
		6F3AB0212450603400B4D9A2 /* RedViewController.swift in Sources */ = {isa = PBXBuildFile; fileRef = 6F3AB0202450603400B4D9A2 /* RedViewController.swift */; };
		6F3AB0232450603E00B4D9A2 /* GreenViewController.swift in Sources */ = {isa = PBXBuildFile; fileRef = 6F3AB0222450603E00B4D9A2 /* GreenViewController.swift */; };
		6F50587724503F38001683E8 /* Obj1ViewController.m in Sources */ = {isa = PBXBuildFile; fileRef = 6F50587624503F38001683E8 /* Obj1ViewController.m */; };
		6F50587A245049A1001683E8 /* Obj2ViewController.m in Sources */ = {isa = PBXBuildFile; fileRef = 6F505879245049A1001683E8 /* Obj2ViewController.m */; };
		6F50587C24504EF3001683E8 /* HM3ViewController.swift in Sources */ = {isa = PBXBuildFile; fileRef = 6F50587B24504EF3001683E8 /* HM3ViewController.swift */; };
/* End PBXBuildFile section */

/* Begin PBXFileReference section */
		6F2C90E52450A832004509E0 /* SegueSwizzler.swift */ = {isa = PBXFileReference; fileEncoding = 4; lastKnownFileType = sourcecode.swift; name = SegueSwizzler.swift; path = ../../../../../Downloads/SegueSwizzler.swift; sourceTree = "<group>"; };
		6F394CFC244869100087672C /* HomeWork2_8.app */ = {isa = PBXFileReference; explicitFileType = wrapper.application; includeInIndex = 0; path = HomeWork2_8.app; sourceTree = BUILT_PRODUCTS_DIR; };
		6F394CFF244869100087672C /* AppDelegate.swift */ = {isa = PBXFileReference; lastKnownFileType = sourcecode.swift; path = AppDelegate.swift; sourceTree = "<group>"; };
		6F394D01244869100087672C /* SceneDelegate.swift */ = {isa = PBXFileReference; lastKnownFileType = sourcecode.swift; path = SceneDelegate.swift; sourceTree = "<group>"; };
		6F394D03244869100087672C /* ViewController.swift */ = {isa = PBXFileReference; lastKnownFileType = sourcecode.swift; path = ViewController.swift; sourceTree = "<group>"; };
		6F394D06244869100087672C /* Base */ = {isa = PBXFileReference; lastKnownFileType = file.storyboard; name = Base; path = Base.lproj/Main.storyboard; sourceTree = "<group>"; };
		6F394D08244869120087672C /* Assets.xcassets */ = {isa = PBXFileReference; lastKnownFileType = folder.assetcatalog; path = Assets.xcassets; sourceTree = "<group>"; };
		6F394D0B244869120087672C /* Base */ = {isa = PBXFileReference; lastKnownFileType = file.storyboard; name = Base; path = Base.lproj/LaunchScreen.storyboard; sourceTree = "<group>"; };
		6F394D0D244869120087672C /* Info.plist */ = {isa = PBXFileReference; lastKnownFileType = text.plist.xml; path = Info.plist; sourceTree = "<group>"; };
		6F3AB0202450603400B4D9A2 /* RedViewController.swift */ = {isa = PBXFileReference; lastKnownFileType = sourcecode.swift; path = RedViewController.swift; sourceTree = "<group>"; };
		6F3AB0222450603E00B4D9A2 /* GreenViewController.swift */ = {isa = PBXFileReference; lastKnownFileType = sourcecode.swift; path = GreenViewController.swift; sourceTree = "<group>"; };
		6F50587424503F38001683E8 /* HomeWork2_8-Bridging-Header.h */ = {isa = PBXFileReference; lastKnownFileType = sourcecode.c.h; path = "HomeWork2_8-Bridging-Header.h"; sourceTree = "<group>"; };
		6F50587524503F38001683E8 /* Obj1ViewController.h */ = {isa = PBXFileReference; lastKnownFileType = sourcecode.c.h; path = Obj1ViewController.h; sourceTree = "<group>"; };
		6F50587624503F38001683E8 /* Obj1ViewController.m */ = {isa = PBXFileReference; lastKnownFileType = sourcecode.c.objc; path = Obj1ViewController.m; sourceTree = "<group>"; };
		6F505878245049A1001683E8 /* Obj2ViewController.h */ = {isa = PBXFileReference; lastKnownFileType = sourcecode.c.h; path = Obj2ViewController.h; sourceTree = "<group>"; };
		6F505879245049A1001683E8 /* Obj2ViewController.m */ = {isa = PBXFileReference; lastKnownFileType = sourcecode.c.objc; path = Obj2ViewController.m; sourceTree = "<group>"; };
		6F50587B24504EF3001683E8 /* HM3ViewController.swift */ = {isa = PBXFileReference; lastKnownFileType = sourcecode.swift; path = HM3ViewController.swift; sourceTree = "<group>"; };
/* End PBXFileReference section */

/* Begin PBXFrameworksBuildPhase section */
		6F394CF9244869100087672C /* Frameworks */ = {
			isa = PBXFrameworksBuildPhase;
			buildActionMask = 2147483647;
			files = (
			);
			runOnlyForDeploymentPostprocessing = 0;
		};
/* End PBXFrameworksBuildPhase section */

/* Begin PBXGroup section */
		6F394CF3244869100087672C = {
			isa = PBXGroup;
			children = (
				6F394CFE244869100087672C /* HomeWork2_8 */,
				6F394CFD244869100087672C /* Products */,
			);
			sourceTree = "<group>";
		};
		6F394CFD244869100087672C /* Products */ = {
			isa = PBXGroup;
			children = (
				6F394CFC244869100087672C /* HomeWork2_8.app */,
			);
			name = Products;
			sourceTree = "<group>";
		};
		6F394CFE244869100087672C /* HomeWork2_8 */ = {
			isa = PBXGroup;
			children = (
				6F394CFF244869100087672C /* AppDelegate.swift */,
				6F394D01244869100087672C /* SceneDelegate.swift */,
				6F394D03244869100087672C /* ViewController.swift */,
				6F394D05244869100087672C /* Main.storyboard */,
				6F50587524503F38001683E8 /* Obj1ViewController.h */,
				6F50587624503F38001683E8 /* Obj1ViewController.m */,
				6F505878245049A1001683E8 /* Obj2ViewController.h */,
				6F505879245049A1001683E8 /* Obj2ViewController.m */,
				6F50587B24504EF3001683E8 /* HM3ViewController.swift */,
				6F394D08244869120087672C /* Assets.xcassets */,
				6F394D0A244869120087672C /* LaunchScreen.storyboard */,
				6F394D0D244869120087672C /* Info.plist */,
				6F50587424503F38001683E8 /* HomeWork2_8-Bridging-Header.h */,
				6F3AB0202450603400B4D9A2 /* RedViewController.swift */,
				6F3AB0222450603E00B4D9A2 /* GreenViewController.swift */,
				6F2C90E52450A832004509E0 /* SegueSwizzler.swift */,
			);
			path = HomeWork2_8;
			sourceTree = "<group>";
		};
/* End PBXGroup section */

/* Begin PBXNativeTarget section */
		6F394CFB244869100087672C /* HomeWork2_8 */ = {
			isa = PBXNativeTarget;
			buildConfigurationList = 6F394D10244869120087672C /* Build configuration list for PBXNativeTarget "HomeWork2_8" */;
			buildPhases = (
				6F394CF8244869100087672C /* Sources */,
				6F394CF9244869100087672C /* Frameworks */,
				6F394CFA244869100087672C /* Resources */,
			);
			buildRules = (
			);
			dependencies = (
			);
			name = HomeWork2_8;
			productName = HomeWork2_8;
			productReference = 6F394CFC244869100087672C /* HomeWork2_8.app */;
			productType = "com.apple.product-type.application";
		};
/* End PBXNativeTarget section */

/* Begin PBXProject section */
		6F394CF4244869100087672C /* Project object */ = {
			isa = PBXProject;
			attributes = {
				LastSwiftUpdateCheck = 1140;
				LastUpgradeCheck = 1140;
				ORGANIZATIONNAME = "Roman Kuzmich Home Dev";
				TargetAttributes = {
					6F394CFB244869100087672C = {
						CreatedOnToolsVersion = 11.4;
						LastSwiftMigration = 1140;
					};
				};
			};
			buildConfigurationList = 6F394CF7244869100087672C /* Build configuration list for PBXProject "HomeWork2_8" */;
			compatibilityVersion = "Xcode 9.3";
			developmentRegion = en;
			hasScannedForEncodings = 0;
			knownRegions = (
				en,
				Base,
			);
			mainGroup = 6F394CF3244869100087672C;
			productRefGroup = 6F394CFD244869100087672C /* Products */;
			projectDirPath = "";
			projectRoot = "";
			targets = (
				6F394CFB244869100087672C /* HomeWork2_8 */,
			);
		};
/* End PBXProject section */

/* Begin PBXResourcesBuildPhase section */
		6F394CFA244869100087672C /* Resources */ = {
			isa = PBXResourcesBuildPhase;
			buildActionMask = 2147483647;
			files = (
				6F394D0C244869120087672C /* LaunchScreen.storyboard in Resources */,
				6F394D09244869120087672C /* Assets.xcassets in Resources */,
				6F394D07244869100087672C /* Main.storyboard in Resources */,
			);
			runOnlyForDeploymentPostprocessing = 0;
		};
/* End PBXResourcesBuildPhase section */

/* Begin PBXSourcesBuildPhase section */
		6F394CF8244869100087672C /* Sources */ = {
			isa = PBXSourcesBuildPhase;
			buildActionMask = 2147483647;
			files = (
				6F3AB0232450603E00B4D9A2 /* GreenViewController.swift in Sources */,
				6F2C90E62450A832004509E0 /* SegueSwizzler.swift in Sources */,
				6F394D04244869100087672C /* ViewController.swift in Sources */,
				6F50587A245049A1001683E8 /* Obj2ViewController.m in Sources */,
				6F394D00244869100087672C /* AppDelegate.swift in Sources */,
				6F50587C24504EF3001683E8 /* HM3ViewController.swift in Sources */,
				6F3AB0212450603400B4D9A2 /* RedViewController.swift in Sources */,
				6F394D02244869100087672C /* SceneDelegate.swift in Sources */,
				6F50587724503F38001683E8 /* Obj1ViewController.m in Sources */,
			);
			runOnlyForDeploymentPostprocessing = 0;
		};
/* End PBXSourcesBuildPhase section */

/* Begin PBXVariantGroup section */
		6F394D05244869100087672C /* Main.storyboard */ = {
			isa = PBXVariantGroup;
			children = (
				6F394D06244869100087672C /* Base */,
			);
			name = Main.storyboard;
			sourceTree = "<group>";
		};
		6F394D0A244869120087672C /* LaunchScreen.storyboard */ = {
			isa = PBXVariantGroup;
			children = (
				6F394D0B244869120087672C /* Base */,
			);
			name = LaunchScreen.storyboard;
			sourceTree = "<group>";
		};
/* End PBXVariantGroup section */

/* Begin XCBuildConfiguration section */
		6F394D0E244869120087672C /* Debug */ = {
			isa = XCBuildConfiguration;
			buildSettings = {
				ALWAYS_SEARCH_USER_PATHS = NO;
				CLANG_ANALYZER_NONNULL = YES;
				CLANG_ANALYZER_NUMBER_OBJECT_CONVERSION = YES_AGGRESSIVE;
				CLANG_CXX_LANGUAGE_STANDARD = "gnu++14";
				CLANG_CXX_LIBRARY = "libc++";
				CLANG_ENABLE_MODULES = YES;
				CLANG_ENABLE_OBJC_ARC = YES;
				CLANG_ENABLE_OBJC_WEAK = YES;
				CLANG_WARN_BLOCK_CAPTURE_AUTORELEASING = YES;
				CLANG_WARN_BOOL_CONVERSION = YES;
				CLANG_WARN_COMMA = YES;
				CLANG_WARN_CONSTANT_CONVERSION = YES;
				CLANG_WARN_DEPRECATED_OBJC_IMPLEMENTATIONS = YES;
				CLANG_WARN_DIRECT_OBJC_ISA_USAGE = YES_ERROR;
				CLANG_WARN_DOCUMENTATION_COMMENTS = YES;
				CLANG_WARN_EMPTY_BODY = YES;
				CLANG_WARN_ENUM_CONVERSION = YES;
				CLANG_WARN_INFINITE_RECURSION = YES;
				CLANG_WARN_INT_CONVERSION = YES;
				CLANG_WARN_NON_LITERAL_NULL_CONVERSION = YES;
				CLANG_WARN_OBJC_IMPLICIT_RETAIN_SELF = YES;
				CLANG_WARN_OBJC_LITERAL_CONVERSION = YES;
				CLANG_WARN_OBJC_ROOT_CLASS = YES_ERROR;
				CLANG_WARN_RANGE_LOOP_ANALYSIS = YES;
				CLANG_WARN_STRICT_PROTOTYPES = YES;
				CLANG_WARN_SUSPICIOUS_MOVE = YES;
				CLANG_WARN_UNGUARDED_AVAILABILITY = YES_AGGRESSIVE;
				CLANG_WARN_UNREACHABLE_CODE = YES;
				CLANG_WARN__DUPLICATE_METHOD_MATCH = YES;
				COPY_PHASE_STRIP = NO;
				DEBUG_INFORMATION_FORMAT = dwarf;
				ENABLE_STRICT_OBJC_MSGSEND = YES;
				ENABLE_TESTABILITY = YES;
				GCC_C_LANGUAGE_STANDARD = gnu11;
				GCC_DYNAMIC_NO_PIC = NO;
				GCC_NO_COMMON_BLOCKS = YES;
				GCC_OPTIMIZATION_LEVEL = 0;
				GCC_PREPROCESSOR_DEFINITIONS = (
					"DEBUG=1",
					"$(inherited)",
				);
				GCC_WARN_64_TO_32_BIT_CONVERSION = YES;
				GCC_WARN_ABOUT_RETURN_TYPE = YES_ERROR;
				GCC_WARN_UNDECLARED_SELECTOR = YES;
				GCC_WARN_UNINITIALIZED_AUTOS = YES_AGGRESSIVE;
				GCC_WARN_UNUSED_FUNCTION = YES;
				GCC_WARN_UNUSED_VARIABLE = YES;
				IPHONEOS_DEPLOYMENT_TARGET = 13.4;
				MTL_ENABLE_DEBUG_INFO = INCLUDE_SOURCE;
				MTL_FAST_MATH = YES;
				ONLY_ACTIVE_ARCH = YES;
				SDKROOT = iphoneos;
				SWIFT_ACTIVE_COMPILATION_CONDITIONS = DEBUG;
				SWIFT_OPTIMIZATION_LEVEL = "-Onone";
			};
			name = Debug;
		};
		6F394D0F244869120087672C /* Release */ = {
			isa = XCBuildConfiguration;
			buildSettings = {
				ALWAYS_SEARCH_USER_PATHS = NO;
				CLANG_ANALYZER_NONNULL = YES;
				CLANG_ANALYZER_NUMBER_OBJECT_CONVERSION = YES_AGGRESSIVE;
				CLANG_CXX_LANGUAGE_STANDARD = "gnu++14";
				CLANG_CXX_LIBRARY = "libc++";
				CLANG_ENABLE_MODULES = YES;
				CLANG_ENABLE_OBJC_ARC = YES;
				CLANG_ENABLE_OBJC_WEAK = YES;
				CLANG_WARN_BLOCK_CAPTURE_AUTORELEASING = YES;
				CLANG_WARN_BOOL_CONVERSION = YES;
				CLANG_WARN_COMMA = YES;
				CLANG_WARN_CONSTANT_CONVERSION = YES;
				CLANG_WARN_DEPRECATED_OBJC_IMPLEMENTATIONS = YES;
				CLANG_WARN_DIRECT_OBJC_ISA_USAGE = YES_ERROR;
				CLANG_WARN_DOCUMENTATION_COMMENTS = YES;
				CLANG_WARN_EMPTY_BODY = YES;
				CLANG_WARN_ENUM_CONVERSION = YES;
				CLANG_WARN_INFINITE_RECURSION = YES;
				CLANG_WARN_INT_CONVERSION = YES;
				CLANG_WARN_NON_LITERAL_NULL_CONVERSION = YES;
				CLANG_WARN_OBJC_IMPLICIT_RETAIN_SELF = YES;
				CLANG_WARN_OBJC_LITERAL_CONVERSION = YES;
				CLANG_WARN_OBJC_ROOT_CLASS = YES_ERROR;
				CLANG_WARN_RANGE_LOOP_ANALYSIS = YES;
				CLANG_WARN_STRICT_PROTOTYPES = YES;
				CLANG_WARN_SUSPICIOUS_MOVE = YES;
				CLANG_WARN_UNGUARDED_AVAILABILITY = YES_AGGRESSIVE;
				CLANG_WARN_UNREACHABLE_CODE = YES;
				CLANG_WARN__DUPLICATE_METHOD_MATCH = YES;
				COPY_PHASE_STRIP = NO;
				DEBUG_INFORMATION_FORMAT = "dwarf-with-dsym";
				ENABLE_NS_ASSERTIONS = NO;
				ENABLE_STRICT_OBJC_MSGSEND = YES;
				GCC_C_LANGUAGE_STANDARD = gnu11;
				GCC_NO_COMMON_BLOCKS = YES;
				GCC_WARN_64_TO_32_BIT_CONVERSION = YES;
				GCC_WARN_ABOUT_RETURN_TYPE = YES_ERROR;
				GCC_WARN_UNDECLARED_SELECTOR = YES;
				GCC_WARN_UNINITIALIZED_AUTOS = YES_AGGRESSIVE;
				GCC_WARN_UNUSED_FUNCTION = YES;
				GCC_WARN_UNUSED_VARIABLE = YES;
				IPHONEOS_DEPLOYMENT_TARGET = 13.4;
				MTL_ENABLE_DEBUG_INFO = NO;
				MTL_FAST_MATH = YES;
				SDKROOT = iphoneos;
				SWIFT_COMPILATION_MODE = wholemodule;
				SWIFT_OPTIMIZATION_LEVEL = "-O";
				VALIDATE_PRODUCT = YES;
			};
			name = Release;
		};
		6F394D11244869120087672C /* Debug */ = {
			isa = XCBuildConfiguration;
			buildSettings = {
				ASSETCATALOG_COMPILER_APPICON_NAME = AppIcon;
				CLANG_ENABLE_MODULES = YES;
				CODE_SIGN_STYLE = Automatic;
				DEVELOPMENT_TEAM = Y3J9DR9455;
				INFOPLIST_FILE = HomeWork2_8/Info.plist;
				LD_RUNPATH_SEARCH_PATHS = (
					"$(inherited)",
					"@executable_path/Frameworks",
				);
				PRODUCT_BUNDLE_IDENTIFIER = "Skillbox.HomeWork2-8";
				PRODUCT_NAME = "$(TARGET_NAME)";
				SWIFT_OBJC_BRIDGING_HEADER = "HomeWork2_8/HomeWork2_8-Bridging-Header.h";
				SWIFT_OPTIMIZATION_LEVEL = "-Onone";
				SWIFT_VERSION = 5.0;
				TARGETED_DEVICE_FAMILY = "1,2";
			};
			name = Debug;
		};
		6F394D12244869120087672C /* Release */ = {
			isa = XCBuildConfiguration;
			buildSettings = {
				ASSETCATALOG_COMPILER_APPICON_NAME = AppIcon;
				CLANG_ENABLE_MODULES = YES;
				CODE_SIGN_STYLE = Automatic;
				DEVELOPMENT_TEAM = Y3J9DR9455;
				INFOPLIST_FILE = HomeWork2_8/Info.plist;
				LD_RUNPATH_SEARCH_PATHS = (
					"$(inherited)",
					"@executable_path/Frameworks",
				);
				PRODUCT_BUNDLE_IDENTIFIER = "Skillbox.HomeWork2-8";
				PRODUCT_NAME = "$(TARGET_NAME)";
				SWIFT_OBJC_BRIDGING_HEADER = "HomeWork2_8/HomeWork2_8-Bridging-Header.h";
				SWIFT_VERSION = 5.0;
				TARGETED_DEVICE_FAMILY = "1,2";
			};
			name = Release;
		};
/* End XCBuildConfiguration section */

/* Begin XCConfigurationList section */
		6F394CF7244869100087672C /* Build configuration list for PBXProject "HomeWork2_8" */ = {
			isa = XCConfigurationList;
			buildConfigurations = (
				6F394D0E244869120087672C /* Debug */,
				6F394D0F244869120087672C /* Release */,
			);
			defaultConfigurationIsVisible = 0;
			defaultConfigurationName = Release;
		};
		6F394D10244869120087672C /* Build configuration list for PBXNativeTarget "HomeWork2_8" */ = {
			isa = XCConfigurationList;
			buildConfigurations = (
				6F394D11244869120087672C /* Debug */,
				6F394D12244869120087672C /* Release */,
			);
			defaultConfigurationIsVisible = 0;
			defaultConfigurationName = Release;
		};
/* End XCConfigurationList section */
	};
	rootObject = 6F394CF4244869100087672C /* Project object */;
}
